
Microsoft Visual Studio Solution File, Format Version 12.00
# Visual Studio Version 17
VisualStudioVersion = 17.0.32014.148
MinimumVisualStudioVersion = 10.0.40219.1
Project("{FAE04EC0-301F-11D3-BF4B-00C04F79EFBC}") = "ExemploVariavelEstatica", "ExemploVariavelEstatica\ExemploVariavelEstatica.csproj", "{3C1FEA35-428A-4996-86E4-D93170A39A99}"
EndProject
Global
	GlobalSection(SolutionConfigurationPlatforms) = preSolution
		Debug|Any CPU = Debug|Any CPU
		Release|Any CPU = Release|Any CPU
	EndGlobalSection
	GlobalSection(ProjectConfigurationPlatforms) = postSolution
		{3C1FEA35-428A-4996-86E4-D93170A39A99}.Debug|Any CPU.ActiveCfg = Debug|Any CPU
		{3C1FEA35-428A-4996-86E4-D93170A39A99}.Debug|Any CPU.Build.0 = Debug|Any CPU
		{3C1FEA35-428A-4996-86E4-D93170A39A99}.Release|Any CPU.ActiveCfg = Release|Any CPU
		{3C1FEA35-428A-4996-86E4-D93170A39A99}.Release|Any CPU.Build.0 = Release|Any CPU
	EndGlobalSection
	GlobalSection(SolutionProperties) = preSolution
		HideSolutionNode = FALSE
	EndGlobalSection
	GlobalSection(ExtensibilityGlobals) = postSolution
		SolutionGuid = {BFE2401F-693B-4E6A-9471-B204260D256E}
	EndGlobalSection
EndGlobal
