
Microsoft Visual Studio Solution File, Format Version 12.00
# Visual Studio Version 17
VisualStudioVersion = 17.0.32014.148
MinimumVisualStudioVersion = 10.0.40219.1
Project("{9A19103F-16F7-4668-BE54-9A1E7A4F7556}") = "etapa4_1", "etapa4_1\etapa4_1.csproj", "{5FAA360C-8450-4EE2-9F28-6E5769D45711}"
EndProject
Project("{FAE04EC0-301F-11D3-BF4B-00C04F79EFBC}") = "ClassLibraryEtapa4", "ClassLibraryEtapa4\ClassLibraryEtapa4.csproj", "{402B5C54-0FAC-40AD-AF5F-1A55FE59DD32}"
EndProject
Global
	GlobalSection(SolutionConfigurationPlatforms) = preSolution
		Debug|Any CPU = Debug|Any CPU
		Release|Any CPU = Release|Any CPU
	EndGlobalSection
	GlobalSection(ProjectConfigurationPlatforms) = postSolution
		{5FAA360C-8450-4EE2-9F28-6E5769D45711}.Debug|Any CPU.ActiveCfg = Debug|Any CPU
		{5FAA360C-8450-4EE2-9F28-6E5769D45711}.Debug|Any CPU.Build.0 = Debug|Any CPU
		{5FAA360C-8450-4EE2-9F28-6E5769D45711}.Release|Any CPU.ActiveCfg = Release|Any CPU
		{5FAA360C-8450-4EE2-9F28-6E5769D45711}.Release|Any CPU.Build.0 = Release|Any CPU
		{402B5C54-0FAC-40AD-AF5F-1A55FE59DD32}.Debug|Any CPU.ActiveCfg = Debug|Any CPU
		{402B5C54-0FAC-40AD-AF5F-1A55FE59DD32}.Debug|Any CPU.Build.0 = Debug|Any CPU
		{402B5C54-0FAC-40AD-AF5F-1A55FE59DD32}.Release|Any CPU.ActiveCfg = Release|Any CPU
		{402B5C54-0FAC-40AD-AF5F-1A55FE59DD32}.Release|Any CPU.Build.0 = Release|Any CPU
	EndGlobalSection
	GlobalSection(SolutionProperties) = preSolution
		HideSolutionNode = FALSE
	EndGlobalSection
	GlobalSection(ExtensibilityGlobals) = postSolution
		SolutionGuid = {27FC6AE4-DB5C-4135-BAF3-106C9705C57E}
	EndGlobalSection
EndGlobal
