
Microsoft Visual Studio Solution File, Format Version 12.00
# Visual Studio Version 17
VisualStudioVersion = 17.1.32228.430
MinimumVisualStudioVersion = 10.0.40219.1
Project("{FAE04EC0-301F-11D3-BF4B-00C04F79EFBC}") = "SocialNetwork.Web", "SocialNetwork.Web\SocialNetwork.Web.csproj", "{25325D15-6E4A-4427-A480-13E4BF638A6A}"
EndProject
Project("{FAE04EC0-301F-11D3-BF4B-00C04F79EFBC}") = "SocialNetwork.Api", "SocialNetwork.Api\SocialNetwork.Api.csproj", "{C672BE39-3446-41E4-953D-7D2A5C1100F1}"
EndProject
Project("{FAE04EC0-301F-11D3-BF4B-00C04F79EFBC}") = "SocialNetwork.Core", "SocialNetwork.Core\SocialNetwork.Core.csproj", "{B2091B94-2CA4-4643-BFE6-AA62C88074B3}"
EndProject
Project("{FAE04EC0-301F-11D3-BF4B-00C04F79EFBC}") = "SocialNetwork.Data", "SocialNetwork.Data\SocialNetwork.Data.csproj", "{1471B20B-82EF-4A09-BE57-33D33705C7BD}"
EndProject
Global
	GlobalSection(SolutionConfigurationPlatforms) = preSolution
		Debug|Any CPU = Debug|Any CPU
		Release|Any CPU = Release|Any CPU
	EndGlobalSection
	GlobalSection(ProjectConfigurationPlatforms) = postSolution
		{25325D15-6E4A-4427-A480-13E4BF638A6A}.Debug|Any CPU.ActiveCfg = Debug|Any CPU
		{25325D15-6E4A-4427-A480-13E4BF638A6A}.Debug|Any CPU.Build.0 = Debug|Any CPU
		{25325D15-6E4A-4427-A480-13E4BF638A6A}.Release|Any CPU.ActiveCfg = Release|Any CPU
		{25325D15-6E4A-4427-A480-13E4BF638A6A}.Release|Any CPU.Build.0 = Release|Any CPU
		{C672BE39-3446-41E4-953D-7D2A5C1100F1}.Debug|Any CPU.ActiveCfg = Debug|Any CPU
		{C672BE39-3446-41E4-953D-7D2A5C1100F1}.Debug|Any CPU.Build.0 = Debug|Any CPU
		{C672BE39-3446-41E4-953D-7D2A5C1100F1}.Release|Any CPU.ActiveCfg = Release|Any CPU
		{C672BE39-3446-41E4-953D-7D2A5C1100F1}.Release|Any CPU.Build.0 = Release|Any CPU
		{B2091B94-2CA4-4643-BFE6-AA62C88074B3}.Debug|Any CPU.ActiveCfg = Debug|Any CPU
		{B2091B94-2CA4-4643-BFE6-AA62C88074B3}.Debug|Any CPU.Build.0 = Debug|Any CPU
		{B2091B94-2CA4-4643-BFE6-AA62C88074B3}.Release|Any CPU.ActiveCfg = Release|Any CPU
		{B2091B94-2CA4-4643-BFE6-AA62C88074B3}.Release|Any CPU.Build.0 = Release|Any CPU
		{1471B20B-82EF-4A09-BE57-33D33705C7BD}.Debug|Any CPU.ActiveCfg = Debug|Any CPU
		{1471B20B-82EF-4A09-BE57-33D33705C7BD}.Debug|Any CPU.Build.0 = Debug|Any CPU
		{1471B20B-82EF-4A09-BE57-33D33705C7BD}.Release|Any CPU.ActiveCfg = Release|Any CPU
		{1471B20B-82EF-4A09-BE57-33D33705C7BD}.Release|Any CPU.Build.0 = Release|Any CPU
	EndGlobalSection
	GlobalSection(SolutionProperties) = preSolution
		HideSolutionNode = FALSE
	EndGlobalSection
	GlobalSection(ExtensibilityGlobals) = postSolution
		SolutionGuid = {182E6F99-B9AC-4704-9A6E-601405109AC8}
	EndGlobalSection
EndGlobal
