
Microsoft Visual Studio Solution File, Format Version 12.00
# Visual Studio Version 17
VisualStudioVersion = 17.0.32126.317
MinimumVisualStudioVersion = 10.0.40219.1
Project("{FAE04EC0-301F-11D3-BF4B-00C04F79EFBC}") = "TP3_CS", "TP3_CS\TP3_CS.csproj", "{8F2D507E-E923-4310-A028-0C00BB74FA1C}"
EndProject
Global
	GlobalSection(SolutionConfigurationPlatforms) = preSolution
		Debug|Any CPU = Debug|Any CPU
		Release|Any CPU = Release|Any CPU
	EndGlobalSection
	GlobalSection(ProjectConfigurationPlatforms) = postSolution
		{8F2D507E-E923-4310-A028-0C00BB74FA1C}.Debug|Any CPU.ActiveCfg = Debug|Any CPU
		{8F2D507E-E923-4310-A028-0C00BB74FA1C}.Debug|Any CPU.Build.0 = Debug|Any CPU
		{8F2D507E-E923-4310-A028-0C00BB74FA1C}.Release|Any CPU.ActiveCfg = Release|Any CPU
		{8F2D507E-E923-4310-A028-0C00BB74FA1C}.Release|Any CPU.Build.0 = Release|Any CPU
	EndGlobalSection
	GlobalSection(SolutionProperties) = preSolution
		HideSolutionNode = FALSE
	EndGlobalSection
	GlobalSection(ExtensibilityGlobals) = postSolution
		SolutionGuid = {F32C789D-252A-40EB-B97C-72932B9E7AE0}
	EndGlobalSection
EndGlobal
